
Microsoft Visual Studio Solution File, Format Version 12.00
# Visual Studio Version 17
VisualStudioVersion = 17.7.34221.43
MinimumVisualStudioVersion = 10.0.40219.1
Project("{2150E333-8FDC-42A3-9474-1A3956D46DE8}") = "Src", "Src", "{72D331DF-3754-4F32-8571-3742D286FD0A}"
EndProject
Project("{2150E333-8FDC-42A3-9474-1A3956D46DE8}") = "Tests", "Tests", "{083AE492-8AFB-4799-ABC4-E9C104B61343}"
EndProject
Project("{2150E333-8FDC-42A3-9474-1A3956D46DE8}") = "Adapter", "Adapter", "{39B00278-DB74-4B28-BE32-B14E4BB5E190}"
EndProject
Project("{2150E333-8FDC-42A3-9474-1A3956D46DE8}") = "Driven", "Driven", "{CF0DF6B2-E91D-4C24-B626-D3DAB0413232}"
EndProject
Project("{2150E333-8FDC-42A3-9474-1A3956D46DE8}") = "Driver", "Driver", "{963088D7-3B4F-4380-8489-561B20F45B72}"
EndProject
Project("{2150E333-8FDC-42A3-9474-1A3956D46DE8}") = "Core", "Core", "{BB1E9158-AE8F-42EE-B69A-17FB18E5327C}"
EndProject
Project("{9A19103F-16F7-4668-BE54-9A1E7A4F7556}") = "FIAP.Pos.Tech.Challenge.Application", "Application\FIAP.Pos.Tech.Challenge.Application.csproj", "{15FDFC2F-4489-4ADA-86ED-706167B73E99}"
EndProject
Project("{9A19103F-16F7-4668-BE54-9A1E7A4F7556}") = "FIAP.Pos.Tech.Challenge.Domain", "Domain\FIAP.Pos.Tech.Challenge.Domain.csproj", "{748BE233-C16B-4C19-BED8-9A0C9A33FB8B}"
EndProject
Project("{9A19103F-16F7-4668-BE54-9A1E7A4F7556}") = "FIAP.Pos.Tech.Challenge.Infra", "Infra\FIAP.Pos.Tech.Challenge.Infra.csproj", "{FD28AA73-3CFB-4457-81D9-A4E5C072CA73}"
EndProject
Project("{9A19103F-16F7-4668-BE54-9A1E7A4F7556}") = "FIAP.Pos.Tech.Challenge.ConsoleApp", "ConsoleApp\FIAP.Pos.Tech.Challenge.ConsoleApp.csproj", "{C5383181-F4B8-4751-8B53-028D8960A8C2}"
EndProject
Project("{9A19103F-16F7-4668-BE54-9A1E7A4F7556}") = "FIAP.Pos.Tech.Challenge.Ioc", "Ioc\FIAP.Pos.Tech.Challenge.Ioc.csproj", "{A2AC6167-2ABE-4FDE-A066-6BEAE82A2EA3}"
EndProject
Project("{9A19103F-16F7-4668-BE54-9A1E7A4F7556}") = "FIAP.Pos.Tech.Challenge.Api", "Api\FIAP.Pos.Tech.Challenge.Api.csproj", "{3207B270-FA7F-45CC-8665-B7F6424254EC}"
EndProject
Global
	GlobalSection(SolutionConfigurationPlatforms) = preSolution
		Debug|Any CPU = Debug|Any CPU
		Release|Any CPU = Release|Any CPU
	EndGlobalSection
	GlobalSection(ProjectConfigurationPlatforms) = postSolution
		{15FDFC2F-4489-4ADA-86ED-706167B73E99}.Debug|Any CPU.ActiveCfg = Debug|Any CPU
		{15FDFC2F-4489-4ADA-86ED-706167B73E99}.Debug|Any CPU.Build.0 = Debug|Any CPU
		{15FDFC2F-4489-4ADA-86ED-706167B73E99}.Release|Any CPU.ActiveCfg = Release|Any CPU
		{15FDFC2F-4489-4ADA-86ED-706167B73E99}.Release|Any CPU.Build.0 = Release|Any CPU
		{748BE233-C16B-4C19-BED8-9A0C9A33FB8B}.Debug|Any CPU.ActiveCfg = Debug|Any CPU
		{748BE233-C16B-4C19-BED8-9A0C9A33FB8B}.Debug|Any CPU.Build.0 = Debug|Any CPU
		{748BE233-C16B-4C19-BED8-9A0C9A33FB8B}.Release|Any CPU.ActiveCfg = Release|Any CPU
		{748BE233-C16B-4C19-BED8-9A0C9A33FB8B}.Release|Any CPU.Build.0 = Release|Any CPU
		{FD28AA73-3CFB-4457-81D9-A4E5C072CA73}.Debug|Any CPU.ActiveCfg = Debug|Any CPU
		{FD28AA73-3CFB-4457-81D9-A4E5C072CA73}.Debug|Any CPU.Build.0 = Debug|Any CPU
		{FD28AA73-3CFB-4457-81D9-A4E5C072CA73}.Release|Any CPU.ActiveCfg = Release|Any CPU
		{FD28AA73-3CFB-4457-81D9-A4E5C072CA73}.Release|Any CPU.Build.0 = Release|Any CPU
		{C5383181-F4B8-4751-8B53-028D8960A8C2}.Debug|Any CPU.ActiveCfg = Debug|Any CPU
		{C5383181-F4B8-4751-8B53-028D8960A8C2}.Debug|Any CPU.Build.0 = Debug|Any CPU
		{C5383181-F4B8-4751-8B53-028D8960A8C2}.Release|Any CPU.ActiveCfg = Release|Any CPU
		{C5383181-F4B8-4751-8B53-028D8960A8C2}.Release|Any CPU.Build.0 = Release|Any CPU
		{A2AC6167-2ABE-4FDE-A066-6BEAE82A2EA3}.Debug|Any CPU.ActiveCfg = Debug|Any CPU
		{A2AC6167-2ABE-4FDE-A066-6BEAE82A2EA3}.Debug|Any CPU.Build.0 = Debug|Any CPU
		{A2AC6167-2ABE-4FDE-A066-6BEAE82A2EA3}.Release|Any CPU.ActiveCfg = Release|Any CPU
		{A2AC6167-2ABE-4FDE-A066-6BEAE82A2EA3}.Release|Any CPU.Build.0 = Release|Any CPU
		{3207B270-FA7F-45CC-8665-B7F6424254EC}.Debug|Any CPU.ActiveCfg = Debug|Any CPU
		{3207B270-FA7F-45CC-8665-B7F6424254EC}.Debug|Any CPU.Build.0 = Debug|Any CPU
		{3207B270-FA7F-45CC-8665-B7F6424254EC}.Release|Any CPU.ActiveCfg = Release|Any CPU
		{3207B270-FA7F-45CC-8665-B7F6424254EC}.Release|Any CPU.Build.0 = Release|Any CPU
	EndGlobalSection
	GlobalSection(SolutionProperties) = preSolution
		HideSolutionNode = FALSE
	EndGlobalSection
	GlobalSection(NestedProjects) = preSolution
		{39B00278-DB74-4B28-BE32-B14E4BB5E190} = {72D331DF-3754-4F32-8571-3742D286FD0A}
		{CF0DF6B2-E91D-4C24-B626-D3DAB0413232} = {39B00278-DB74-4B28-BE32-B14E4BB5E190}
		{963088D7-3B4F-4380-8489-561B20F45B72} = {39B00278-DB74-4B28-BE32-B14E4BB5E190}
		{BB1E9158-AE8F-42EE-B69A-17FB18E5327C} = {72D331DF-3754-4F32-8571-3742D286FD0A}
		{15FDFC2F-4489-4ADA-86ED-706167B73E99} = {BB1E9158-AE8F-42EE-B69A-17FB18E5327C}
		{748BE233-C16B-4C19-BED8-9A0C9A33FB8B} = {BB1E9158-AE8F-42EE-B69A-17FB18E5327C}
		{FD28AA73-3CFB-4457-81D9-A4E5C072CA73} = {CF0DF6B2-E91D-4C24-B626-D3DAB0413232}
		{C5383181-F4B8-4751-8B53-028D8960A8C2} = {963088D7-3B4F-4380-8489-561B20F45B72}
		{A2AC6167-2ABE-4FDE-A066-6BEAE82A2EA3} = {BB1E9158-AE8F-42EE-B69A-17FB18E5327C}
		{3207B270-FA7F-45CC-8665-B7F6424254EC} = {963088D7-3B4F-4380-8489-561B20F45B72}
	EndGlobalSection
	GlobalSection(ExtensibilityGlobals) = postSolution
		SolutionGuid = {16711D8E-BBED-415E-9967-DEF51B89BCD2}
	EndGlobalSection
EndGlobal
